
Microsoft Visual Studio Solution File, Format Version 12.00
# Visual Studio Version 17
VisualStudioVersion = 17.14.36705.20 d17.14
MinimumVisualStudioVersion = 10.0.40219.1
Project("{FAE04EC0-301F-11D3-BF4B-00C04F79EFBC}") = "Optivio.Web", "Optivio\Optivio.Web.csproj", "{FF43337F-0614-47B2-95FA-E49626F49FE2}"
EndProject
Project("{2150E333-8FDC-42A3-9474-1A3956D46DE8}") = "ApplicationCoreLayer", "ApplicationCoreLayer", "{02EA681E-C7D8-13C7-8484-4AC65E1B71E8}"
EndProject
Project("{2150E333-8FDC-42A3-9474-1A3956D46DE8}") = "InfrastructerLayer", "InfrastructerLayer", "{44BCE74B-8EB4-4927-B060-23D05CE3C24F}"
EndProject
Project("{2150E333-8FDC-42A3-9474-1A3956D46DE8}") = "PresentationLayer", "PresentationLayer", "{0343E25F-5528-48A6-ACFD-81BB27BD2475}"
EndProject
Project("{FAE04EC0-301F-11D3-BF4B-00C04F79EFBC}") = "Optivio.Shared", "Optivio.Shared\Optivio.Shared.csproj", "{2C92204B-3B30-4B7B-AAAD-490D4E338E64}"
EndProject
Project("{FAE04EC0-301F-11D3-BF4B-00C04F79EFBC}") = "Optivio.Domin", "Optivio.Domin\Optivio.Domin.csproj", "{F4AAB926-0D19-4135-90CD-BF74C0D9F14B}"
EndProject
Project("{FAE04EC0-301F-11D3-BF4B-00C04F79EFBC}") = "Optivio.ServiceAbstraction", "Optivio.ServiceAbstraction\Optivio.ServiceAbstraction.csproj", "{3326DD8D-4969-4034-BC47-0EA3E6293724}"
EndProject
Project("{FAE04EC0-301F-11D3-BF4B-00C04F79EFBC}") = "Optivio.Services", "Optivio.Services\Optivio.Services.csproj", "{C7286D23-979B-465B-B4E6-76E7B6D1D783}"
EndProject
Project("{FAE04EC0-301F-11D3-BF4B-00C04F79EFBC}") = "Optivio.Persistence", "Optivio.Persistence\Optivio.Persistence.csproj", "{B80E0FD4-5DAE-42B7-8127-4D7AB94A0545}"
EndProject
Project("{FAE04EC0-301F-11D3-BF4B-00C04F79EFBC}") = "Optivio.Presentation", "Optivio.Presentation\Optivio.Presentation.csproj", "{460E8C2A-A355-4E41-A1C3-6E293928F241}"
EndProject
Global
	GlobalSection(SolutionConfigurationPlatforms) = preSolution
		Debug|Any CPU = Debug|Any CPU
		Release|Any CPU = Release|Any CPU
	EndGlobalSection
	GlobalSection(ProjectConfigurationPlatforms) = postSolution
		{FF43337F-0614-47B2-95FA-E49626F49FE2}.Debug|Any CPU.ActiveCfg = Debug|Any CPU
		{FF43337F-0614-47B2-95FA-E49626F49FE2}.Debug|Any CPU.Build.0 = Debug|Any CPU
		{FF43337F-0614-47B2-95FA-E49626F49FE2}.Release|Any CPU.ActiveCfg = Release|Any CPU
		{FF43337F-0614-47B2-95FA-E49626F49FE2}.Release|Any CPU.Build.0 = Release|Any CPU
		{2C92204B-3B30-4B7B-AAAD-490D4E338E64}.Debug|Any CPU.ActiveCfg = Debug|Any CPU
		{2C92204B-3B30-4B7B-AAAD-490D4E338E64}.Debug|Any CPU.Build.0 = Debug|Any CPU
		{2C92204B-3B30-4B7B-AAAD-490D4E338E64}.Release|Any CPU.ActiveCfg = Release|Any CPU
		{2C92204B-3B30-4B7B-AAAD-490D4E338E64}.Release|Any CPU.Build.0 = Release|Any CPU
		{F4AAB926-0D19-4135-90CD-BF74C0D9F14B}.Debug|Any CPU.ActiveCfg = Debug|Any CPU
		{F4AAB926-0D19-4135-90CD-BF74C0D9F14B}.Debug|Any CPU.Build.0 = Debug|Any CPU
		{F4AAB926-0D19-4135-90CD-BF74C0D9F14B}.Release|Any CPU.ActiveCfg = Release|Any CPU
		{F4AAB926-0D19-4135-90CD-BF74C0D9F14B}.Release|Any CPU.Build.0 = Release|Any CPU
		{3326DD8D-4969-4034-BC47-0EA3E6293724}.Debug|Any CPU.ActiveCfg = Debug|Any CPU
		{3326DD8D-4969-4034-BC47-0EA3E6293724}.Debug|Any CPU.Build.0 = Debug|Any CPU
		{3326DD8D-4969-4034-BC47-0EA3E6293724}.Release|Any CPU.ActiveCfg = Release|Any CPU
		{3326DD8D-4969-4034-BC47-0EA3E6293724}.Release|Any CPU.Build.0 = Release|Any CPU
		{C7286D23-979B-465B-B4E6-76E7B6D1D783}.Debug|Any CPU.ActiveCfg = Debug|Any CPU
		{C7286D23-979B-465B-B4E6-76E7B6D1D783}.Debug|Any CPU.Build.0 = Debug|Any CPU
		{C7286D23-979B-465B-B4E6-76E7B6D1D783}.Release|Any CPU.ActiveCfg = Release|Any CPU
		{C7286D23-979B-465B-B4E6-76E7B6D1D783}.Release|Any CPU.Build.0 = Release|Any CPU
		{B80E0FD4-5DAE-42B7-8127-4D7AB94A0545}.Debug|Any CPU.ActiveCfg = Debug|Any CPU
		{B80E0FD4-5DAE-42B7-8127-4D7AB94A0545}.Debug|Any CPU.Build.0 = Debug|Any CPU
		{B80E0FD4-5DAE-42B7-8127-4D7AB94A0545}.Release|Any CPU.ActiveCfg = Release|Any CPU
		{B80E0FD4-5DAE-42B7-8127-4D7AB94A0545}.Release|Any CPU.Build.0 = Release|Any CPU
		{460E8C2A-A355-4E41-A1C3-6E293928F241}.Debug|Any CPU.ActiveCfg = Debug|Any CPU
		{460E8C2A-A355-4E41-A1C3-6E293928F241}.Debug|Any CPU.Build.0 = Debug|Any CPU
		{460E8C2A-A355-4E41-A1C3-6E293928F241}.Release|Any CPU.ActiveCfg = Release|Any CPU
		{460E8C2A-A355-4E41-A1C3-6E293928F241}.Release|Any CPU.Build.0 = Release|Any CPU
	EndGlobalSection
	GlobalSection(SolutionProperties) = preSolution
		HideSolutionNode = FALSE
	EndGlobalSection
	GlobalSection(NestedProjects) = preSolution
		{FF43337F-0614-47B2-95FA-E49626F49FE2} = {0343E25F-5528-48A6-ACFD-81BB27BD2475}
		{F4AAB926-0D19-4135-90CD-BF74C0D9F14B} = {02EA681E-C7D8-13C7-8484-4AC65E1B71E8}
		{3326DD8D-4969-4034-BC47-0EA3E6293724} = {02EA681E-C7D8-13C7-8484-4AC65E1B71E8}
		{C7286D23-979B-465B-B4E6-76E7B6D1D783} = {02EA681E-C7D8-13C7-8484-4AC65E1B71E8}
		{B80E0FD4-5DAE-42B7-8127-4D7AB94A0545} = {44BCE74B-8EB4-4927-B060-23D05CE3C24F}
		{460E8C2A-A355-4E41-A1C3-6E293928F241} = {0343E25F-5528-48A6-ACFD-81BB27BD2475}
	EndGlobalSection
	GlobalSection(ExtensibilityGlobals) = postSolution
		SolutionGuid = {FFF019DA-A1FF-4DCB-B9FC-BCE764B8F5EF}
	EndGlobalSection
EndGlobal
